// !$*UTF8*$!
{
	archiveVersion = 1;
	classes = {
	};
	objectVersion = 55;
	objects = {

/* Begin PBXBuildFile section */
		846D9DD1280D2DBC00269D98 /* AppDelegate.swift in Sources */ = {isa = PBXBuildFile; fileRef = 846D9DD0280D2DBC00269D98 /* AppDelegate.swift */; };
		846D9DD3280D2DBC00269D98 /* SceneDelegate.swift in Sources */ = {isa = PBXBuildFile; fileRef = 846D9DD2280D2DBC00269D98 /* SceneDelegate.swift */; };
		846D9DD5280D2DBC00269D98 /* ViewController.swift in Sources */ = {isa = PBXBuildFile; fileRef = 846D9DD4280D2DBC00269D98 /* ViewController.swift */; };
		846D9DD8280D2DBC00269D98 /* Main.storyboard in Resources */ = {isa = PBXBuildFile; fileRef = 846D9DD6280D2DBC00269D98 /* Main.storyboard */; };
		846D9DDB280D2DBC00269D98 /* SampleProject_Assessment_Yashdeep.xcdatamodeld in Sources */ = {isa = PBXBuildFile; fileRef = 846D9DD9280D2DBC00269D98 /* SampleProject_Assessment_Yashdeep.xcdatamodeld */; };
		846D9DDD280D2DC400269D98 /* Assets.xcassets in Resources */ = {isa = PBXBuildFile; fileRef = 846D9DDC280D2DC400269D98 /* Assets.xcassets */; };
		846D9DE0280D2DC400269D98 /* LaunchScreen.storyboard in Resources */ = {isa = PBXBuildFile; fileRef = 846D9DDE280D2DC400269D98 /* LaunchScreen.storyboard */; };
		846D9DEB280D2DC500269D98 /* SampleProject_Assessment_YashdeepTests.swift in Sources */ = {isa = PBXBuildFile; fileRef = 846D9DEA280D2DC500269D98 /* SampleProject_Assessment_YashdeepTests.swift */; };
		846D9DF5280D2DC500269D98 /* SampleProject_Assessment_YashdeepUITests.swift in Sources */ = {isa = PBXBuildFile; fileRef = 846D9DF4280D2DC500269D98 /* SampleProject_Assessment_YashdeepUITests.swift */; };
		846D9DF7280D2DC500269D98 /* SampleProject_Assessment_YashdeepUITestsLaunchTests.swift in Sources */ = {isa = PBXBuildFile; fileRef = 846D9DF6280D2DC500269D98 /* SampleProject_Assessment_YashdeepUITestsLaunchTests.swift */; };
/* End PBXBuildFile section */

/* Begin PBXContainerItemProxy section */
		846D9DE7280D2DC500269D98 /* PBXContainerItemProxy */ = {
			isa = PBXContainerItemProxy;
			containerPortal = 846D9DC5280D2DBC00269D98 /* Project object */;
			proxyType = 1;
			remoteGlobalIDString = 846D9DCC280D2DBC00269D98;
			remoteInfo = SampleProject_Assessment_Yashdeep;
		};
		846D9DF1280D2DC500269D98 /* PBXContainerItemProxy */ = {
			isa = PBXContainerItemProxy;
			containerPortal = 846D9DC5280D2DBC00269D98 /* Project object */;
			proxyType = 1;
			remoteGlobalIDString = 846D9DCC280D2DBC00269D98;
			remoteInfo = SampleProject_Assessment_Yashdeep;
		};
/* End PBXContainerItemProxy section */

/* Begin PBXFileReference section */
		846D9DCD280D2DBC00269D98 /* SampleProject_Assessment_Yashdeep.app */ = {isa = PBXFileReference; explicitFileType = wrapper.application; includeInIndex = 0; path = SampleProject_Assessment_Yashdeep.app; sourceTree = BUILT_PRODUCTS_DIR; };
		846D9DD0280D2DBC00269D98 /* AppDelegate.swift */ = {isa = PBXFileReference; lastKnownFileType = sourcecode.swift; path = AppDelegate.swift; sourceTree = "<group>"; };
		846D9DD2280D2DBC00269D98 /* SceneDelegate.swift */ = {isa = PBXFileReference; lastKnownFileType = sourcecode.swift; path = SceneDelegate.swift; sourceTree = "<group>"; };
		846D9DD4280D2DBC00269D98 /* ViewController.swift */ = {isa = PBXFileReference; lastKnownFileType = sourcecode.swift; path = ViewController.swift; sourceTree = "<group>"; };
		846D9DD7280D2DBC00269D98 /* Base */ = {isa = PBXFileReference; lastKnownFileType = file.storyboard; name = Base; path = Base.lproj/Main.storyboard; sourceTree = "<group>"; };
		846D9DDA280D2DBC00269D98 /* SampleProject_Assessment_Yashdeep.xcdatamodel */ = {isa = PBXFileReference; lastKnownFileType = wrapper.xcdatamodel; path = SampleProject_Assessment_Yashdeep.xcdatamodel; sourceTree = "<group>"; };
		846D9DDC280D2DC400269D98 /* Assets.xcassets */ = {isa = PBXFileReference; lastKnownFileType = folder.assetcatalog; path = Assets.xcassets; sourceTree = "<group>"; };
		846D9DDF280D2DC400269D98 /* Base */ = {isa = PBXFileReference; lastKnownFileType = file.storyboard; name = Base; path = Base.lproj/LaunchScreen.storyboard; sourceTree = "<group>"; };
		846D9DE1280D2DC400269D98 /* Info.plist */ = {isa = PBXFileReference; lastKnownFileType = text.plist.xml; path = Info.plist; sourceTree = "<group>"; };
		846D9DE6280D2DC500269D98 /* SampleProject_Assessment_YashdeepTests.xctest */ = {isa = PBXFileReference; explicitFileType = wrapper.cfbundle; includeInIndex = 0; path = SampleProject_Assessment_YashdeepTests.xctest; sourceTree = BUILT_PRODUCTS_DIR; };
		846D9DEA280D2DC500269D98 /* SampleProject_Assessment_YashdeepTests.swift */ = {isa = PBXFileReference; lastKnownFileType = sourcecode.swift; path = SampleProject_Assessment_YashdeepTests.swift; sourceTree = "<group>"; };
		846D9DF0280D2DC500269D98 /* SampleProject_Assessment_YashdeepUITests.xctest */ = {isa = PBXFileReference; explicitFileType = wrapper.cfbundle; includeInIndex = 0; path = SampleProject_Assessment_YashdeepUITests.xctest; sourceTree = BUILT_PRODUCTS_DIR; };
		846D9DF4280D2DC500269D98 /* SampleProject_Assessment_YashdeepUITests.swift */ = {isa = PBXFileReference; lastKnownFileType = sourcecode.swift; path = SampleProject_Assessment_YashdeepUITests.swift; sourceTree = "<group>"; };
		846D9DF6280D2DC500269D98 /* SampleProject_Assessment_YashdeepUITestsLaunchTests.swift */ = {isa = PBXFileReference; lastKnownFileType = sourcecode.swift; path = SampleProject_Assessment_YashdeepUITestsLaunchTests.swift; sourceTree = "<group>"; };
/* End PBXFileReference section */

/* Begin PBXFrameworksBuildPhase section */
		846D9DCA280D2DBC00269D98 /* Frameworks */ = {
			isa = PBXFrameworksBuildPhase;
			buildActionMask = 2147483647;
			files = (
			);
			runOnlyForDeploymentPostprocessing = 0;
		};
		846D9DE3280D2DC500269D98 /* Frameworks */ = {
			isa = PBXFrameworksBuildPhase;
			buildActionMask = 2147483647;
			files = (
			);
			runOnlyForDeploymentPostprocessing = 0;
		};
		846D9DED280D2DC500269D98 /* Frameworks */ = {
			isa = PBXFrameworksBuildPhase;
			buildActionMask = 2147483647;
			files = (
			);
			runOnlyForDeploymentPostprocessing = 0;
		};
/* End PBXFrameworksBuildPhase section */

/* Begin PBXGroup section */
		846D9DC4280D2DBC00269D98 = {
			isa = PBXGroup;
			children = (
				846D9DCF280D2DBC00269D98 /* SampleProject_Assessment_Yashdeep */,
				846D9DE9280D2DC500269D98 /* SampleProject_Assessment_YashdeepTests */,
				846D9DF3280D2DC500269D98 /* SampleProject_Assessment_YashdeepUITests */,
				846D9DCE280D2DBC00269D98 /* Products */,
			);
			sourceTree = "<group>";
		};
		846D9DCE280D2DBC00269D98 /* Products */ = {
			isa = PBXGroup;
			children = (
				846D9DCD280D2DBC00269D98 /* SampleProject_Assessment_Yashdeep.app */,
				846D9DE6280D2DC500269D98 /* SampleProject_Assessment_YashdeepTests.xctest */,
				846D9DF0280D2DC500269D98 /* SampleProject_Assessment_YashdeepUITests.xctest */,
			);
			name = Products;
			sourceTree = "<group>";
		};
		846D9DCF280D2DBC00269D98 /* SampleProject_Assessment_Yashdeep */ = {
			isa = PBXGroup;
			children = (
				846D9DD0280D2DBC00269D98 /* AppDelegate.swift */,
				846D9DD2280D2DBC00269D98 /* SceneDelegate.swift */,
				846D9DD4280D2DBC00269D98 /* ViewController.swift */,
				846D9DD6280D2DBC00269D98 /* Main.storyboard */,
				846D9DDC280D2DC400269D98 /* Assets.xcassets */,
				846D9DDE280D2DC400269D98 /* LaunchScreen.storyboard */,
				846D9DE1280D2DC400269D98 /* Info.plist */,
				846D9DD9280D2DBC00269D98 /* SampleProject_Assessment_Yashdeep.xcdatamodeld */,
			);
			path = SampleProject_Assessment_Yashdeep;
			sourceTree = "<group>";
		};
		846D9DE9280D2DC500269D98 /* SampleProject_Assessment_YashdeepTests */ = {
			isa = PBXGroup;
			children = (
				846D9DEA280D2DC500269D98 /* SampleProject_Assessment_YashdeepTests.swift */,
			);
			path = SampleProject_Assessment_YashdeepTests;
			sourceTree = "<group>";
		};
		846D9DF3280D2DC500269D98 /* SampleProject_Assessment_YashdeepUITests */ = {
			isa = PBXGroup;
			children = (
				846D9DF4280D2DC500269D98 /* SampleProject_Assessment_YashdeepUITests.swift */,
				846D9DF6280D2DC500269D98 /* SampleProject_Assessment_YashdeepUITestsLaunchTests.swift */,
			);
			path = SampleProject_Assessment_YashdeepUITests;
			sourceTree = "<group>";
		};
/* End PBXGroup section */

/* Begin PBXNativeTarget section */
		846D9DCC280D2DBC00269D98 /* SampleProject_Assessment_Yashdeep */ = {
			isa = PBXNativeTarget;
			buildConfigurationList = 846D9DFA280D2DC500269D98 /* Build configuration list for PBXNativeTarget "SampleProject_Assessment_Yashdeep" */;
			buildPhases = (
				846D9DC9280D2DBC00269D98 /* Sources */,
				846D9DCA280D2DBC00269D98 /* Frameworks */,
				846D9DCB280D2DBC00269D98 /* Resources */,
			);
			buildRules = (
			);
			dependencies = (
			);
			name = SampleProject_Assessment_Yashdeep;
			productName = SampleProject_Assessment_Yashdeep;
			productReference = 846D9DCD280D2DBC00269D98 /* SampleProject_Assessment_Yashdeep.app */;
			productType = "com.apple.product-type.application";
		};
		846D9DE5280D2DC500269D98 /* SampleProject_Assessment_YashdeepTests */ = {
			isa = PBXNativeTarget;
			buildConfigurationList = 846D9DFD280D2DC500269D98 /* Build configuration list for PBXNativeTarget "SampleProject_Assessment_YashdeepTests" */;
			buildPhases = (
				846D9DE2280D2DC500269D98 /* Sources */,
				846D9DE3280D2DC500269D98 /* Frameworks */,
				846D9DE4280D2DC500269D98 /* Resources */,
			);
			buildRules = (
			);
			dependencies = (
				846D9DE8280D2DC500269D98 /* PBXTargetDependency */,
			);
			name = SampleProject_Assessment_YashdeepTests;
			productName = SampleProject_Assessment_YashdeepTests;
			productReference = 846D9DE6280D2DC500269D98 /* SampleProject_Assessment_YashdeepTests.xctest */;
			productType = "com.apple.product-type.bundle.unit-test";
		};
		846D9DEF280D2DC500269D98 /* SampleProject_Assessment_YashdeepUITests */ = {
			isa = PBXNativeTarget;
			buildConfigurationList = 846D9E00280D2DC500269D98 /* Build configuration list for PBXNativeTarget "SampleProject_Assessment_YashdeepUITests" */;
			buildPhases = (
				846D9DEC280D2DC500269D98 /* Sources */,
				846D9DED280D2DC500269D98 /* Frameworks */,
				846D9DEE280D2DC500269D98 /* Resources */,
			);
			buildRules = (
			);
			dependencies = (
				846D9DF2280D2DC500269D98 /* PBXTargetDependency */,
			);
			name = SampleProject_Assessment_YashdeepUITests;
			productName = SampleProject_Assessment_YashdeepUITests;
			productReference = 846D9DF0280D2DC500269D98 /* SampleProject_Assessment_YashdeepUITests.xctest */;
			productType = "com.apple.product-type.bundle.ui-testing";
		};
/* End PBXNativeTarget section */

/* Begin PBXProject section */
		846D9DC5280D2DBC00269D98 /* Project object */ = {
			isa = PBXProject;
			attributes = {
				BuildIndependentTargetsInParallel = 1;
				LastSwiftUpdateCheck = 1330;
				LastUpgradeCheck = 1330;
				TargetAttributes = {
					846D9DCC280D2DBC00269D98 = {
						CreatedOnToolsVersion = 13.3.1;
					};
					846D9DE5280D2DC500269D98 = {
						CreatedOnToolsVersion = 13.3.1;
						TestTargetID = 846D9DCC280D2DBC00269D98;
					};
					846D9DEF280D2DC500269D98 = {
						CreatedOnToolsVersion = 13.3.1;
						TestTargetID = 846D9DCC280D2DBC00269D98;
					};
				};
			};
			buildConfigurationList = 846D9DC8280D2DBC00269D98 /* Build configuration list for PBXProject "SampleProject_Assessment_Yashdeep" */;
			compatibilityVersion = "Xcode 13.0";
			developmentRegion = en;
			hasScannedForEncodings = 0;
			knownRegions = (
				en,
				Base,
			);
			mainGroup = 846D9DC4280D2DBC00269D98;
			productRefGroup = 846D9DCE280D2DBC00269D98 /* Products */;
			projectDirPath = "";
			projectRoot = "";
			targets = (
				846D9DCC280D2DBC00269D98 /* SampleProject_Assessment_Yashdeep */,
				846D9DE5280D2DC500269D98 /* SampleProject_Assessment_YashdeepTests */,
				846D9DEF280D2DC500269D98 /* SampleProject_Assessment_YashdeepUITests */,
			);
		};
/* End PBXProject section */

/* Begin PBXResourcesBuildPhase section */
		846D9DCB280D2DBC00269D98 /* Resources */ = {
			isa = PBXResourcesBuildPhase;
			buildActionMask = 2147483647;
			files = (
				846D9DE0280D2DC400269D98 /* LaunchScreen.storyboard in Resources */,
				846D9DDD280D2DC400269D98 /* Assets.xcassets in Resources */,
				846D9DD8280D2DBC00269D98 /* Main.storyboard in Resources */,
			);
			runOnlyForDeploymentPostprocessing = 0;
		};
		846D9DE4280D2DC500269D98 /* Resources */ = {
			isa = PBXResourcesBuildPhase;
			buildActionMask = 2147483647;
			files = (
			);
			runOnlyForDeploymentPostprocessing = 0;
		};
		846D9DEE280D2DC500269D98 /* Resources */ = {
			isa = PBXResourcesBuildPhase;
			buildActionMask = 2147483647;
			files = (
			);
			runOnlyForDeploymentPostprocessing = 0;
		};
/* End PBXResourcesBuildPhase section */

/* Begin PBXSourcesBuildPhase section */
		846D9DC9280D2DBC00269D98 /* Sources */ = {
			isa = PBXSourcesBuildPhase;
			buildActionMask = 2147483647;
			files = (
				846D9DD5280D2DBC00269D98 /* ViewController.swift in Sources */,
				846D9DD1280D2DBC00269D98 /* AppDelegate.swift in Sources */,
				846D9DDB280D2DBC00269D98 /* SampleProject_Assessment_Yashdeep.xcdatamodeld in Sources */,
				846D9DD3280D2DBC00269D98 /* SceneDelegate.swift in Sources */,
			);
			runOnlyForDeploymentPostprocessing = 0;
		};
		846D9DE2280D2DC500269D98 /* Sources */ = {
			isa = PBXSourcesBuildPhase;
			buildActionMask = 2147483647;
			files = (
				846D9DEB280D2DC500269D98 /* SampleProject_Assessment_YashdeepTests.swift in Sources */,
			);
			runOnlyForDeploymentPostprocessing = 0;
		};
		846D9DEC280D2DC500269D98 /* Sources */ = {
			isa = PBXSourcesBuildPhase;
			buildActionMask = 2147483647;
			files = (
				846D9DF5280D2DC500269D98 /* SampleProject_Assessment_YashdeepUITests.swift in Sources */,
				846D9DF7280D2DC500269D98 /* SampleProject_Assessment_YashdeepUITestsLaunchTests.swift in Sources */,
			);
			runOnlyForDeploymentPostprocessing = 0;
		};
/* End PBXSourcesBuildPhase section */

/* Begin PBXTargetDependency section */
		846D9DE8280D2DC500269D98 /* PBXTargetDependency */ = {
			isa = PBXTargetDependency;
			target = 846D9DCC280D2DBC00269D98 /* SampleProject_Assessment_Yashdeep */;
			targetProxy = 846D9DE7280D2DC500269D98 /* PBXContainerItemProxy */;
		};
		846D9DF2280D2DC500269D98 /* PBXTargetDependency */ = {
			isa = PBXTargetDependency;
			target = 846D9DCC280D2DBC00269D98 /* SampleProject_Assessment_Yashdeep */;
			targetProxy = 846D9DF1280D2DC500269D98 /* PBXContainerItemProxy */;
		};
/* End PBXTargetDependency section */

/* Begin PBXVariantGroup section */
		846D9DD6280D2DBC00269D98 /* Main.storyboard */ = {
			isa = PBXVariantGroup;
			children = (
				846D9DD7280D2DBC00269D98 /* Base */,
			);
			name = Main.storyboard;
			sourceTree = "<group>";
		};
		846D9DDE280D2DC400269D98 /* LaunchScreen.storyboard */ = {
			isa = PBXVariantGroup;
			children = (
				846D9DDF280D2DC400269D98 /* Base */,
			);
			name = LaunchScreen.storyboard;
			sourceTree = "<group>";
		};
/* End PBXVariantGroup section */

/* Begin XCBuildConfiguration section */
		846D9DF8280D2DC500269D98 /* Debug */ = {
			isa = XCBuildConfiguration;
			buildSettings = {
				ALWAYS_SEARCH_USER_PATHS = NO;
				CLANG_ANALYZER_NONNULL = YES;
				CLANG_ANALYZER_NUMBER_OBJECT_CONVERSION = YES_AGGRESSIVE;
				CLANG_CXX_LANGUAGE_STANDARD = "gnu++17";
				CLANG_ENABLE_MODULES = YES;
				CLANG_ENABLE_OBJC_ARC = YES;
				CLANG_ENABLE_OBJC_WEAK = YES;
				CLANG_WARN_BLOCK_CAPTURE_AUTORELEASING = YES;
				CLANG_WARN_BOOL_CONVERSION = YES;
				CLANG_WARN_COMMA = YES;
				CLANG_WARN_CONSTANT_CONVERSION = YES;
				CLANG_WARN_DEPRECATED_OBJC_IMPLEMENTATIONS = YES;
				CLANG_WARN_DIRECT_OBJC_ISA_USAGE = YES_ERROR;
				CLANG_WARN_DOCUMENTATION_COMMENTS = YES;
				CLANG_WARN_EMPTY_BODY = YES;
				CLANG_WARN_ENUM_CONVERSION = YES;
				CLANG_WARN_INFINITE_RECURSION = YES;
				CLANG_WARN_INT_CONVERSION = YES;
				CLANG_WARN_NON_LITERAL_NULL_CONVERSION = YES;
				CLANG_WARN_OBJC_IMPLICIT_RETAIN_SELF = YES;
				CLANG_WARN_OBJC_LITERAL_CONVERSION = YES;
				CLANG_WARN_OBJC_ROOT_CLASS = YES_ERROR;
				CLANG_WARN_QUOTED_INCLUDE_IN_FRAMEWORK_HEADER = YES;
				CLANG_WARN_RANGE_LOOP_ANALYSIS = YES;
				CLANG_WARN_STRICT_PROTOTYPES = YES;
				CLANG_WARN_SUSPICIOUS_MOVE = YES;
				CLANG_WARN_UNGUARDED_AVAILABILITY = YES_AGGRESSIVE;
				CLANG_WARN_UNREACHABLE_CODE = YES;
				CLANG_WARN__DUPLICATE_METHOD_MATCH = YES;
				COPY_PHASE_STRIP = NO;
				DEBUG_INFORMATION_FORMAT = dwarf;
				ENABLE_STRICT_OBJC_MSGSEND = YES;
				ENABLE_TESTABILITY = YES;
				GCC_C_LANGUAGE_STANDARD = gnu11;
				GCC_DYNAMIC_NO_PIC = NO;
				GCC_NO_COMMON_BLOCKS = YES;
				GCC_OPTIMIZATION_LEVEL = 0;
				GCC_PREPROCESSOR_DEFINITIONS = (
					"DEBUG=1",
					"$(inherited)",
				);
				GCC_WARN_64_TO_32_BIT_CONVERSION = YES;
				GCC_WARN_ABOUT_RETURN_TYPE = YES_ERROR;
				GCC_WARN_UNDECLARED_SELECTOR = YES;
				GCC_WARN_UNINITIALIZED_AUTOS = YES_AGGRESSIVE;
				GCC_WARN_UNUSED_FUNCTION = YES;
				GCC_WARN_UNUSED_VARIABLE = YES;
				IPHONEOS_DEPLOYMENT_TARGET = 15.4;
				MTL_ENABLE_DEBUG_INFO = INCLUDE_SOURCE;
				MTL_FAST_MATH = YES;
				ONLY_ACTIVE_ARCH = YES;
				SDKROOT = iphoneos;
				SWIFT_ACTIVE_COMPILATION_CONDITIONS = DEBUG;
				SWIFT_OPTIMIZATION_LEVEL = "-Onone";
			};
			name = Debug;
		};
		846D9DF9280D2DC500269D98 /* Release */ = {
			isa = XCBuildConfiguration;
			buildSettings = {
				ALWAYS_SEARCH_USER_PATHS = NO;
				CLANG_ANALYZER_NONNULL = YES;
				CLANG_ANALYZER_NUMBER_OBJECT_CONVERSION = YES_AGGRESSIVE;
				CLANG_CXX_LANGUAGE_STANDARD = "gnu++17";
				CLANG_ENABLE_MODULES = YES;
				CLANG_ENABLE_OBJC_ARC = YES;
				CLANG_ENABLE_OBJC_WEAK = YES;
				CLANG_WARN_BLOCK_CAPTURE_AUTORELEASING = YES;
				CLANG_WARN_BOOL_CONVERSION = YES;
				CLANG_WARN_COMMA = YES;
				CLANG_WARN_CONSTANT_CONVERSION = YES;
				CLANG_WARN_DEPRECATED_OBJC_IMPLEMENTATIONS = YES;
				CLANG_WARN_DIRECT_OBJC_ISA_USAGE = YES_ERROR;
				CLANG_WARN_DOCUMENTATION_COMMENTS = YES;
				CLANG_WARN_EMPTY_BODY = YES;
				CLANG_WARN_ENUM_CONVERSION = YES;
				CLANG_WARN_INFINITE_RECURSION = YES;
				CLANG_WARN_INT_CONVERSION = YES;
				CLANG_WARN_NON_LITERAL_NULL_CONVERSION = YES;
				CLANG_WARN_OBJC_IMPLICIT_RETAIN_SELF = YES;
				CLANG_WARN_OBJC_LITERAL_CONVERSION = YES;
				CLANG_WARN_OBJC_ROOT_CLASS = YES_ERROR;
				CLANG_WARN_QUOTED_INCLUDE_IN_FRAMEWORK_HEADER = YES;
				CLANG_WARN_RANGE_LOOP_ANALYSIS = YES;
				CLANG_WARN_STRICT_PROTOTYPES = YES;
				CLANG_WARN_SUSPICIOUS_MOVE = YES;
				CLANG_WARN_UNGUARDED_AVAILABILITY = YES_AGGRESSIVE;
				CLANG_WARN_UNREACHABLE_CODE = YES;
				CLANG_WARN__DUPLICATE_METHOD_MATCH = YES;
				COPY_PHASE_STRIP = NO;
				DEBUG_INFORMATION_FORMAT = "dwarf-with-dsym";
				ENABLE_NS_ASSERTIONS = NO;
				ENABLE_STRICT_OBJC_MSGSEND = YES;
				GCC_C_LANGUAGE_STANDARD = gnu11;
				GCC_NO_COMMON_BLOCKS = YES;
				GCC_WARN_64_TO_32_BIT_CONVERSION = YES;
				GCC_WARN_ABOUT_RETURN_TYPE = YES_ERROR;
				GCC_WARN_UNDECLARED_SELECTOR = YES;
				GCC_WARN_UNINITIALIZED_AUTOS = YES_AGGRESSIVE;
				GCC_WARN_UNUSED_FUNCTION = YES;
				GCC_WARN_UNUSED_VARIABLE = YES;
				IPHONEOS_DEPLOYMENT_TARGET = 15.4;
				MTL_ENABLE_DEBUG_INFO = NO;
				MTL_FAST_MATH = YES;
				SDKROOT = iphoneos;
				SWIFT_COMPILATION_MODE = wholemodule;
				SWIFT_OPTIMIZATION_LEVEL = "-O";
				VALIDATE_PRODUCT = YES;
			};
			name = Release;
		};
		846D9DFB280D2DC500269D98 /* Debug */ = {
			isa = XCBuildConfiguration;
			buildSettings = {
				ASSETCATALOG_COMPILER_APPICON_NAME = AppIcon;
				ASSETCATALOG_COMPILER_GLOBAL_ACCENT_COLOR_NAME = AccentColor;
				CODE_SIGN_STYLE = Automatic;
				CURRENT_PROJECT_VERSION = 1;
				GENERATE_INFOPLIST_FILE = YES;
				INFOPLIST_FILE = SampleProject_Assessment_Yashdeep/Info.plist;
				INFOPLIST_KEY_UIApplicationSupportsIndirectInputEvents = YES;
				INFOPLIST_KEY_UILaunchStoryboardName = LaunchScreen;
				INFOPLIST_KEY_UIMainStoryboardFile = Main;
				INFOPLIST_KEY_UISupportedInterfaceOrientations_iPad = "UIInterfaceOrientationPortrait UIInterfaceOrientationPortraitUpsideDown UIInterfaceOrientationLandscapeLeft UIInterfaceOrientationLandscapeRight";
				INFOPLIST_KEY_UISupportedInterfaceOrientations_iPhone = "UIInterfaceOrientationPortrait UIInterfaceOrientationLandscapeLeft UIInterfaceOrientationLandscapeRight";
				LD_RUNPATH_SEARCH_PATHS = (
					"$(inherited)",
					"@executable_path/Frameworks",
				);
				MARKETING_VERSION = 1.0;
				PRODUCT_BUNDLE_IDENTIFIER = "com.magneto.SampleProject-Assessment-Yashdeep";
				PRODUCT_NAME = "$(TARGET_NAME)";
				SWIFT_EMIT_LOC_STRINGS = YES;
				SWIFT_VERSION = 5.0;
				TARGETED_DEVICE_FAMILY = "1,2";
			};
			name = Debug;
		};
		846D9DFC280D2DC500269D98 /* Release */ = {
			isa = XCBuildConfiguration;
			buildSettings = {
				ASSETCATALOG_COMPILER_APPICON_NAME = AppIcon;
				ASSETCATALOG_COMPILER_GLOBAL_ACCENT_COLOR_NAME = AccentColor;
				CODE_SIGN_STYLE = Automatic;
				CURRENT_PROJECT_VERSION = 1;
				GENERATE_INFOPLIST_FILE = YES;
				INFOPLIST_FILE = SampleProject_Assessment_Yashdeep/Info.plist;
				INFOPLIST_KEY_UIApplicationSupportsIndirectInputEvents = YES;
				INFOPLIST_KEY_UILaunchStoryboardName = LaunchScreen;
				INFOPLIST_KEY_UIMainStoryboardFile = Main;
				INFOPLIST_KEY_UISupportedInterfaceOrientations_iPad = "UIInterfaceOrientationPortrait UIInterfaceOrientationPortraitUpsideDown UIInterfaceOrientationLandscapeLeft UIInterfaceOrientationLandscapeRight";
				INFOPLIST_KEY_UISupportedInterfaceOrientations_iPhone = "UIInterfaceOrientationPortrait UIInterfaceOrientationLandscapeLeft UIInterfaceOrientationLandscapeRight";
				LD_RUNPATH_SEARCH_PATHS = (
					"$(inherited)",
					"@executable_path/Frameworks",
				);
				MARKETING_VERSION = 1.0;
				PRODUCT_BUNDLE_IDENTIFIER = "com.magneto.SampleProject-Assessment-Yashdeep";
				PRODUCT_NAME = "$(TARGET_NAME)";
				SWIFT_EMIT_LOC_STRINGS = YES;
				SWIFT_VERSION = 5.0;
				TARGETED_DEVICE_FAMILY = "1,2";
			};
			name = Release;
		};
		846D9DFE280D2DC500269D98 /* Debug */ = {
			isa = XCBuildConfiguration;
			buildSettings = {
				ALWAYS_EMBED_SWIFT_STANDARD_LIBRARIES = YES;
				BUNDLE_LOADER = "$(TEST_HOST)";
				CODE_SIGN_STYLE = Automatic;
				CURRENT_PROJECT_VERSION = 1;
				GENERATE_INFOPLIST_FILE = YES;
				IPHONEOS_DEPLOYMENT_TARGET = 15.4;
				MARKETING_VERSION = 1.0;
				PRODUCT_BUNDLE_IDENTIFIER = "com.magneto.SampleProject-Assessment-YashdeepTests";
				PRODUCT_NAME = "$(TARGET_NAME)";
				SWIFT_EMIT_LOC_STRINGS = NO;
				SWIFT_VERSION = 5.0;
				TARGETED_DEVICE_FAMILY = "1,2";
				TEST_HOST = "$(BUILT_PRODUCTS_DIR)/SampleProject_Assessment_Yashdeep.app/SampleProject_Assessment_Yashdeep";
			};
			name = Debug;
		};
		846D9DFF280D2DC500269D98 /* Release */ = {
			isa = XCBuildConfiguration;
			buildSettings = {
				ALWAYS_EMBED_SWIFT_STANDARD_LIBRARIES = YES;
				BUNDLE_LOADER = "$(TEST_HOST)";
				CODE_SIGN_STYLE = Automatic;
				CURRENT_PROJECT_VERSION = 1;
				GENERATE_INFOPLIST_FILE = YES;
				IPHONEOS_DEPLOYMENT_TARGET = 15.4;
				MARKETING_VERSION = 1.0;
				PRODUCT_BUNDLE_IDENTIFIER = "com.magneto.SampleProject-Assessment-YashdeepTests";
				PRODUCT_NAME = "$(TARGET_NAME)";
				SWIFT_EMIT_LOC_STRINGS = NO;
				SWIFT_VERSION = 5.0;
				TARGETED_DEVICE_FAMILY = "1,2";
				TEST_HOST = "$(BUILT_PRODUCTS_DIR)/SampleProject_Assessment_Yashdeep.app/SampleProject_Assessment_Yashdeep";
			};
			name = Release;
		};
		846D9E01280D2DC500269D98 /* Debug */ = {
			isa = XCBuildConfiguration;
			buildSettings = {
				ALWAYS_EMBED_SWIFT_STANDARD_LIBRARIES = YES;
				CODE_SIGN_STYLE = Automatic;
				CURRENT_PROJECT_VERSION = 1;
				GENERATE_INFOPLIST_FILE = YES;
				MARKETING_VERSION = 1.0;
				PRODUCT_BUNDLE_IDENTIFIER = "com.magneto.SampleProject-Assessment-YashdeepUITests";
				PRODUCT_NAME = "$(TARGET_NAME)";
				SWIFT_EMIT_LOC_STRINGS = NO;
				SWIFT_VERSION = 5.0;
				TARGETED_DEVICE_FAMILY = "1,2";
				TEST_TARGET_NAME = SampleProject_Assessment_Yashdeep;
			};
			name = Debug;
		};
		846D9E02280D2DC500269D98 /* Release */ = {
			isa = XCBuildConfiguration;
			buildSettings = {
				ALWAYS_EMBED_SWIFT_STANDARD_LIBRARIES = YES;
				CODE_SIGN_STYLE = Automatic;
				CURRENT_PROJECT_VERSION = 1;
				GENERATE_INFOPLIST_FILE = YES;
				MARKETING_VERSION = 1.0;
				PRODUCT_BUNDLE_IDENTIFIER = "com.magneto.SampleProject-Assessment-YashdeepUITests";
				PRODUCT_NAME = "$(TARGET_NAME)";
				SWIFT_EMIT_LOC_STRINGS = NO;
				SWIFT_VERSION = 5.0;
				TARGETED_DEVICE_FAMILY = "1,2";
				TEST_TARGET_NAME = SampleProject_Assessment_Yashdeep;
			};
			name = Release;
		};
/* End XCBuildConfiguration section */

/* Begin XCConfigurationList section */
		846D9DC8280D2DBC00269D98 /* Build configuration list for PBXProject "SampleProject_Assessment_Yashdeep" */ = {
			isa = XCConfigurationList;
			buildConfigurations = (
				846D9DF8280D2DC500269D98 /* Debug */,
				846D9DF9280D2DC500269D98 /* Release */,
			);
			defaultConfigurationIsVisible = 0;
			defaultConfigurationName = Release;
		};
		846D9DFA280D2DC500269D98 /* Build configuration list for PBXNativeTarget "SampleProject_Assessment_Yashdeep" */ = {
			isa = XCConfigurationList;
			buildConfigurations = (
				846D9DFB280D2DC500269D98 /* Debug */,
				846D9DFC280D2DC500269D98 /* Release */,
			);
			defaultConfigurationIsVisible = 0;
			defaultConfigurationName = Release;
		};
		846D9DFD280D2DC500269D98 /* Build configuration list for PBXNativeTarget "SampleProject_Assessment_YashdeepTests" */ = {
			isa = XCConfigurationList;
			buildConfigurations = (
				846D9DFE280D2DC500269D98 /* Debug */,
				846D9DFF280D2DC500269D98 /* Release */,
			);
			defaultConfigurationIsVisible = 0;
			defaultConfigurationName = Release;
		};
		846D9E00280D2DC500269D98 /* Build configuration list for PBXNativeTarget "SampleProject_Assessment_YashdeepUITests" */ = {
			isa = XCConfigurationList;
			buildConfigurations = (
				846D9E01280D2DC500269D98 /* Debug */,
				846D9E02280D2DC500269D98 /* Release */,
			);
			defaultConfigurationIsVisible = 0;
			defaultConfigurationName = Release;
		};
/* End XCConfigurationList section */

/* Begin XCVersionGroup section */
		846D9DD9280D2DBC00269D98 /* SampleProject_Assessment_Yashdeep.xcdatamodeld */ = {
			isa = XCVersionGroup;
			children = (
				846D9DDA280D2DBC00269D98 /* SampleProject_Assessment_Yashdeep.xcdatamodel */,
			);
			currentVersion = 846D9DDA280D2DBC00269D98 /* SampleProject_Assessment_Yashdeep.xcdatamodel */;
			path = SampleProject_Assessment_Yashdeep.xcdatamodeld;
			sourceTree = "<group>";
			versionGroupType = wrapper.xcdatamodel;
		};
/* End XCVersionGroup section */
	};
	rootObject = 846D9DC5280D2DBC00269D98 /* Project object */;
}
